# THIS IS AN AUTOGENERATED FILE. DO NOT EDIT THIS FILE DIRECTLY.
# yarn lockfile v1


"@aws-sdk/abort-controller@^0.1.0-preview.5":
  version "0.1.0-preview.5"
  resolved "https://registry.yarnpkg.com/@aws-sdk/abort-controller/-/abort-controller-0.1.0-preview.5.tgz#2e1a1db3c0992dcca3b11198cdaf4206498ab0c4"
  integrity sha512-+TqAh6bzof5l+5tOND9YTEJEVeMli518ignGbLlB8CuMMeNPtvjXg6lzf5+XQpNXZ8CCmjqxZ2X5i1mImdJtmw==
  dependencies:
    "@aws-sdk/types" "^0.1.0-preview.5"
    tslib "^1.8.0"

"@aws-sdk/client-ssm-node@^0.1.0-preview.2":
  version "0.1.0-preview.2"
  resolved "https://registry.yarnpkg.com/@aws-sdk/client-ssm-node/-/client-ssm-node-0.1.0-preview.2.tgz#421d0a6b1ccb3a3d496ab8812389ebdc34dabb0b"
  integrity sha512-3AqhovWAn8EJ50t5kEnop+p1SSfezK8JDqiSbZ6VjXdLlibTY2Og/fXBTR74ly6YzZCDTRXmKa55xcSB6Pm4AQ==
  dependencies:
    "@aws-sdk/config-resolver" "^0.1.0-preview.5"
    "@aws-sdk/core-handler" "^0.1.0-preview.5"
    "@aws-sdk/credential-provider-node" "^0.1.0-preview.6"
    "@aws-sdk/hash-node" "^0.1.0-preview.5"
    "@aws-sdk/json-builder" "^0.1.0-preview.5"
    "@aws-sdk/json-error-unmarshaller" "^0.1.0-preview.6"
    "@aws-sdk/json-parser" "^0.1.0-preview.5"
    "@aws-sdk/middleware-content-length" "^0.1.0-preview.5"
    "@aws-sdk/middleware-header-default" "^0.1.0-preview.5"
    "@aws-sdk/middleware-serializer" "^0.1.0-preview.5"
    "@aws-sdk/middleware-stack" "^0.1.0-preview.6"
    "@aws-sdk/node-http-handler" "^0.1.0-preview.6"
    "@aws-sdk/protocol-json-rpc" "^0.1.0-preview.6"
    "@aws-sdk/region-provider" "^0.1.0-preview.5"
    "@aws-sdk/retry-middleware" "^0.1.0-preview.5"
    "@aws-sdk/signature-v4" "^0.1.0-preview.6"
    "@aws-sdk/signing-middleware" "^0.1.0-preview.6"
    "@aws-sdk/stream-collector-node" "^0.1.0-preview.5"
    "@aws-sdk/types" "^0.1.0-preview.5"
    "@aws-sdk/url-parser-node" "^0.1.0-preview.5"
    "@aws-sdk/util-base64-node" "^0.1.0-preview.3"
    "@aws-sdk/util-body-length-node" "^0.1.0-preview.4"
    "@aws-sdk/util-user-agent-node" "^0.1.0-preview.6"
    "@aws-sdk/util-utf8-node" "^0.1.0-preview.3"
    tslib "^1.8.0"

"@aws-sdk/config-resolver@^0.1.0-preview.5":
  version "0.1.0-preview.5"
  resolved "https://registry.yarnpkg.com/@aws-sdk/config-resolver/-/config-resolver-0.1.0-preview.5.tgz#9d3655f0ac694bcc23d7af6498909c87723c7322"
  integrity sha512-hwhX4WfKpaW2zeISBo6TYlreN77yuWwYNQ8kVP+8PkWgVHzRp733c6VbxrcVAF35bVAhxQhFqoA9ZKv67OMiiw==
  dependencies:
    "@aws-sdk/types" "^0.1.0-preview.5"
    tslib "^1.8.0"

"@aws-sdk/core-handler@^0.1.0-preview.5":
  version "0.1.0-preview.5"
  resolved "https://registry.yarnpkg.com/@aws-sdk/core-handler/-/core-handler-0.1.0-preview.5.tgz#302fb3ee80dc89fddadbbb1ec5d4942112b7aba5"
  integrity sha512-LnfJ9naOAMFh/0J7nZ1puT1H2AHHcFTdITJGAmoaejnmoN1G17IBui8aclZVKPbfnQJKwcK5nMiL5BUxUIxNsA==
  dependencies:
    "@aws-sdk/types" "^0.1.0-preview.5"
    tslib "^1.8.0"

"@aws-sdk/credential-provider-env@^0.1.0-preview.6":
  version "0.1.0-preview.6"
  resolved "https://registry.yarnpkg.com/@aws-sdk/credential-provider-env/-/credential-provider-env-0.1.0-preview.6.tgz#8ee0235da5f66e9bf4db672164265ee99a2dc147"
  integrity sha512-x75/fs5mg6RONz5g9fY8jcUjn6tJ9Qfc1RfdNl/FjRza19zc/FGf0p86rt7uq6OF/8s9t0QnvAiH0ii03TFSPw==
  dependencies:
    "@aws-sdk/property-provider" "^0.1.0-preview.5"
    "@aws-sdk/protocol-timestamp" "^0.1.0-preview.5"
    "@aws-sdk/types" "^0.1.0-preview.5"
    tslib "^1.8.0"

"@aws-sdk/credential-provider-imds@^0.1.0-preview.5":
  version "0.1.0-preview.5"
  resolved "https://registry.yarnpkg.com/@aws-sdk/credential-provider-imds/-/credential-provider-imds-0.1.0-preview.5.tgz#b0b67817db54988f5bf9ea3440cf7e7430514f2e"
  integrity sha512-LSB2YjvVr3XqcvqxEfcRkN6qxXG/N0YrP3XIcb17NmJ5sqLQSDykCdOIONCX44FJ9coHpUXB6P10HtzzAghiNQ==
  dependencies:
    "@aws-sdk/property-provider" "^0.1.0-preview.5"
    "@aws-sdk/types" "^0.1.0-preview.5"
    tslib "^1.8.0"

"@aws-sdk/credential-provider-ini@^0.1.0-preview.5":
  version "0.1.0-preview.5"
  resolved "https://registry.yarnpkg.com/@aws-sdk/credential-provider-ini/-/credential-provider-ini-0.1.0-preview.5.tgz#72936d13eb4828d6a0f6cf4097a30dab31c9c588"
  integrity sha512-h5YljWR3QDVECJqWs78zKXjg8/zZTV2MYbSMx0UqKwijIWsa6yfH3+G+XLJdkW3ZbvsVo3zsppZixjL59o/t9Q==
  dependencies:
    "@aws-sdk/property-provider" "^0.1.0-preview.5"
    "@aws-sdk/shared-ini-file-loader" "^0.1.0-preview.3"
    "@aws-sdk/types" "^0.1.0-preview.5"
    tslib "^1.8.0"

"@aws-sdk/credential-provider-node@^0.1.0-preview.6":
  version "0.1.0-preview.7"
  resolved "https://registry.yarnpkg.com/@aws-sdk/credential-provider-node/-/credential-provider-node-0.1.0-preview.7.tgz#2d81d4278f44d43358d5ca20d5638c49825deba7"
  integrity sha512-Fjnr8SyfUhWlREOnzpRS/Wk5loqf0L3z1fOP6aCDmViPlAfDzCF83F0EkIqeBqTgVhCu40wysCs31nTrV8pWiw==
  dependencies:
    "@aws-sdk/credential-provider-env" "^0.1.0-preview.6"
    "@aws-sdk/credential-provider-imds" "^0.1.0-preview.5"
    "@aws-sdk/credential-provider-ini" "^0.1.0-preview.5"
    "@aws-sdk/credential-provider-process" "^0.1.0-preview.3"
    "@aws-sdk/property-provider" "^0.1.0-preview.5"
    "@aws-sdk/types" "^0.1.0-preview.5"
    tslib "^1.8.0"

"@aws-sdk/credential-provider-process@^0.1.0-preview.3":
  version "0.1.0-preview.3"
  resolved "https://registry.yarnpkg.com/@aws-sdk/credential-provider-process/-/credential-provider-process-0.1.0-preview.3.tgz#2ea73b939cab1f1f5082bec9cc6332a2f7bfc0e6"
  integrity sha512-HVoWom235BXMFBbVrGI4G1k4V/e0kxAbjKIQm37lvm9rWrRDw/b0+T/TFM8bGoKVHGX89bGWDQa0cFYktSldSg==
  dependencies:
    "@aws-sdk/credential-provider-ini" "^0.1.0-preview.5"
    "@aws-sdk/property-provider" "^0.1.0-preview.5"
    "@aws-sdk/shared-ini-file-loader" "^0.1.0-preview.3"
    "@aws-sdk/types" "^0.1.0-preview.5"
    tslib "^1.8.0"

"@aws-sdk/hash-node@^0.1.0-preview.5":
  version "0.1.0-preview.6"
  resolved "https://registry.yarnpkg.com/@aws-sdk/hash-node/-/hash-node-0.1.0-preview.6.tgz#39747bb77f107988af25fd2a8f2b09383f1d6bb3"
  integrity sha512-XGolfAQrNQzUwsiS24G1q0f/7Puwi7LZFlsGph+llMXt+aD6p9ROYDpRpZjHtL/VSwBWHUQYIv+ZQWrl5wkbig==
  dependencies:
    "@aws-sdk/types" "^0.1.0-preview.5"
    "@aws-sdk/util-buffer-from" "^0.1.0-preview.3"
    tslib "^1.8.0"

"@aws-sdk/is-array-buffer@^0.1.0-preview.3":
  version "0.1.0-preview.3"
  resolved "https://registry.yarnpkg.com/@aws-sdk/is-array-buffer/-/is-array-buffer-0.1.0-preview.3.tgz#3d4e0297f437dfaa00b25a000d526c02ccd2af6d"
  integrity sha512-8SM7kBGkwH6JCKA6K1w4Jrj+EABFOPQkbPvwaf6BILYiUMUbgJvjOPjNQE2MrvRxJz50WAcZDHnlwhstuwIRnw==
  dependencies:
    tslib "^1.8.0"

"@aws-sdk/is-iterable@^0.1.0-preview.3":
  version "0.1.0-preview.3"
  resolved "https://registry.yarnpkg.com/@aws-sdk/is-iterable/-/is-iterable-0.1.0-preview.3.tgz#292e9a44e3c2872f681a46daa715e3b5403dc86b"
  integrity sha512-dmqXKd7BlAGAaOz1dvmBw5MeOy/94LOxIRv4i8I76JPyTJsxFKjzJIHeRMnQ/5WJ3/POhmb6ZjBW/GwS/upaFw==
  dependencies:
    tslib "^1.8.0"

"@aws-sdk/json-builder@^0.1.0-preview.5":
  version "0.1.0-preview.5"
  resolved "https://registry.yarnpkg.com/@aws-sdk/json-builder/-/json-builder-0.1.0-preview.5.tgz#b5d961f44429b4606975ffc3387d7910692d95b4"
  integrity sha512-NekWKh7i0WamSkd6Krisbp6SrB+U/SLJr/VuqeTPsTR2pBc4eqC7bDBGZzP4tLmeyFnzpw8oSr1EzhreKe6L1Q==
  dependencies:
    "@aws-sdk/is-array-buffer" "^0.1.0-preview.3"
    "@aws-sdk/is-iterable" "^0.1.0-preview.3"
    "@aws-sdk/protocol-timestamp" "^0.1.0-preview.5"
    "@aws-sdk/types" "^0.1.0-preview.5"
    tslib "^1.8.0"

"@aws-sdk/json-error-unmarshaller@^0.1.0-preview.6":
  version "0.1.0-preview.6"
  resolved "https://registry.yarnpkg.com/@aws-sdk/json-error-unmarshaller/-/json-error-unmarshaller-0.1.0-preview.6.tgz#d5f574cd8454d659b24d1d34fef9d8c22e12dce5"
  integrity sha512-5FnzJtTTFMRc8Y/v0Uv3YRKVjlM1xJsBoR0hn9KXS83hy8MPfXwWdNiQkyQYq8xN/KntpUxfJ0xCzG1eBhrE/Q==
  dependencies:
    "@aws-sdk/response-metadata-extractor" "^0.1.0-preview.6"
    "@aws-sdk/types" "^0.1.0-preview.5"
    "@aws-sdk/util-error-constructor" "^0.1.0-preview.5"

"@aws-sdk/json-parser@^0.1.0-preview.5":
  version "0.1.0-preview.5"
  resolved "https://registry.yarnpkg.com/@aws-sdk/json-parser/-/json-parser-0.1.0-preview.5.tgz#5270ea87ffa3ae1562e8bbf79a01bc7ee2c9f42e"
  integrity sha512-5SP6m/37wXbLnk+JnYcXR82sx1wH9EBfQoFLeQQidyf6fuI+f3w9x4CKiZmsnglztFHO9kMBQZbvfJP1PvAarQ==
  dependencies:
    "@aws-sdk/protocol-timestamp" "^0.1.0-preview.5"
    "@aws-sdk/types" "^0.1.0-preview.5"
    tslib "^1.8.0"

"@aws-sdk/middleware-content-length@^0.1.0-preview.5":
  version "0.1.0-preview.5"
  resolved "https://registry.yarnpkg.com/@aws-sdk/middleware-content-length/-/middleware-content-length-0.1.0-preview.5.tgz#7d8cbbb19d50d333e038510342da71534023c44e"
  integrity sha512-T6IjQRTZyrFlvzYxihZBLsvHQ5EB3aMzXFsz7EcvJOBU9Y6btbG5gKOx7zN5lIsuv5+8+EpEIEA3QqR+PddvJg==
  dependencies:
    "@aws-sdk/types" "^0.1.0-preview.5"
    tslib "^1.8.0"

"@aws-sdk/middleware-header-default@^0.1.0-preview.5":
  version "0.1.0-preview.5"
  resolved "https://registry.yarnpkg.com/@aws-sdk/middleware-header-default/-/middleware-header-default-0.1.0-preview.5.tgz#89990a9c3f71d883531cb094727901af64dd1735"
  integrity sha512-l0DYSuOrE/pRS93ziV+a47K78XY3EV5hNfr0mcbxh39c1Xh5MZe+jic1O9FeRfertOXZXCIAuHCnDf0ET/CKGQ==
  dependencies:
    "@aws-sdk/types" "^0.1.0-preview.5"
    tslib "^1.8.0"

"@aws-sdk/middleware-serializer@^0.1.0-preview.5":
  version "0.1.0-preview.5"
  resolved "https://registry.yarnpkg.com/@aws-sdk/middleware-serializer/-/middleware-serializer-0.1.0-preview.5.tgz#00a8355abc462679580d49969eea8c8513ce4208"
  integrity sha512-iDPNjWmUz81FOj+23BX/6jpCUW/JWfeNWHaQcawa7jhMCcRmnBqHl9mEvQLz8xT0qmZRXcOUPx1/P6Aebi+hoQ==
  dependencies:
    "@aws-sdk/types" "^0.1.0-preview.5"
    tslib "^1.8.0"

"@aws-sdk/middleware-stack@^0.1.0-preview.6":
  version "0.1.0-preview.6"
  resolved "https://registry.yarnpkg.com/@aws-sdk/middleware-stack/-/middleware-stack-0.1.0-preview.6.tgz#683a308eb95ac6170c7181fd2c96e6f73da7e5cc"
  integrity sha512-Zkj6MkRFS9f+VZye8QZU8Yd2tkv3pCCY1CtRmrDiFQ2fAXAWuMHHJ/aHA8norlVXE7409i+hRLLTRftupYU55Q==
  dependencies:
    "@aws-sdk/types" "^0.1.0-preview.5"
    tslib "^1.8.0"

"@aws-sdk/node-http-handler@^0.1.0-preview.6":
  version "0.1.0-preview.6"
  resolved "https://registry.yarnpkg.com/@aws-sdk/node-http-handler/-/node-http-handler-0.1.0-preview.6.tgz#053b41a1fbb3d678ea0427e9b1120c808d0efbe1"
  integrity sha512-40ZygkGi1YQ1y8weda2sUu+oXiiPfMEjiFRNE8tvT8gUgYnwv6RYECTeDKz7QM/wjVL/6dNOVLWl7tP0iwBGww==
  dependencies:
    "@aws-sdk/abort-controller" "^0.1.0-preview.5"
    "@aws-sdk/querystring-builder" "^0.1.0-preview.5"
    "@aws-sdk/types" "^0.1.0-preview.5"
    tslib "^1.8.0"

"@aws-sdk/property-provider@^0.1.0-preview.5":
  version "0.1.0-preview.5"
  resolved "https://registry.yarnpkg.com/@aws-sdk/property-provider/-/property-provider-0.1.0-preview.5.tgz#7900d1c2acf070bfbe790304e159dbe72f7d1e74"
  integrity sha512-1jqqNKbX5GFL/zVrMh+5YOsM4eBlvl46eaFVH+lK6sAUhw3DmigrTvrIb7WPt0ZJYYbzyOM+VL94+kaHItbT4A==
  dependencies:
    "@aws-sdk/types" "^0.1.0-preview.5"
    tslib "^1.8.0"

"@aws-sdk/protocol-json-rpc@^0.1.0-preview.6":
  version "0.1.0-preview.6"
  resolved "https://registry.yarnpkg.com/@aws-sdk/protocol-json-rpc/-/protocol-json-rpc-0.1.0-preview.6.tgz#c21e2eb30fa59ef1ede14ef1c83112bdd0287c35"
  integrity sha512-4TLi0w782qMyQaDv0L03VzqI8t1f1svCwvyNYB+19dRiqvT4ki6TUPDJVrtY1H7IOsYjA7CYJJvrmImJ3TO3KA==
  dependencies:
    "@aws-sdk/is-array-buffer" "^0.1.0-preview.3"
    "@aws-sdk/response-metadata-extractor" "^0.1.0-preview.6"
    "@aws-sdk/types" "^0.1.0-preview.5"
    "@aws-sdk/util-error-constructor" "^0.1.0-preview.5"
    tslib "^1.8.0"

"@aws-sdk/protocol-timestamp@^0.1.0-preview.5":
  version "0.1.0-preview.5"
  resolved "https://registry.yarnpkg.com/@aws-sdk/protocol-timestamp/-/protocol-timestamp-0.1.0-preview.5.tgz#7805d40558a26c12a4b33c4103db179beaa9d77c"
  integrity sha512-HYbENtsxUlkyxf5tpD/5HI4MlsRvjhhMW08SsUdD+EApNyITGItPaDhK335D4ijjpLQCSHvUgA0rl+IRr1WawA==
  dependencies:
    "@aws-sdk/types" "^0.1.0-preview.5"
    tslib "^1.8.0"

"@aws-sdk/querystring-builder@^0.1.0-preview.5":
  version "0.1.0-preview.5"
  resolved "https://registry.yarnpkg.com/@aws-sdk/querystring-builder/-/querystring-builder-0.1.0-preview.5.tgz#d2028c51b3e0cfae4d2b3bea74927dfa70023db4"
  integrity sha512-ZwA7m2E0GfO0sEqinear8B/oZ3QyHLgPST6JLhwPYnpzB/ZzYPktp+aF/RCZ6S9OEeIC61L7lmwNsLTRFuOrDQ==
  dependencies:
    "@aws-sdk/types" "^0.1.0-preview.5"
    "@aws-sdk/util-uri-escape" "^0.1.0-preview.3"
    tslib "^1.8.0"

"@aws-sdk/querystring-parser@^0.1.0-preview.5":
  version "0.1.0-preview.5"
  resolved "https://registry.yarnpkg.com/@aws-sdk/querystring-parser/-/querystring-parser-0.1.0-preview.5.tgz#4b1d943a8b1c9383993b9d4264ac1544c44840f8"
  integrity sha512-dKuGB/BsaCQaCYraOQf9B7UZyd35Q3+QJEG45cmOs719wb07YTR4fd/mtsPBhle6RYi0NGVmIhsO2VGlAYRfBw==
  dependencies:
    "@aws-sdk/types" "^0.1.0-preview.5"
    tslib "^1.8.0"

"@aws-sdk/region-provider@^0.1.0-preview.5":
  version "0.1.0-preview.5"
  resolved "https://registry.yarnpkg.com/@aws-sdk/region-provider/-/region-provider-0.1.0-preview.5.tgz#5384b48805675f0623141c4a9cb629f9b5ec617b"
  integrity sha512-CkZWBvUi0NT4JQ1AiikTe4cck4PSks+beL4bEDwsUpEHO0OxP9d4Nr/eP0o3FB3+eJIwkDqMKYskhdVFcZ+AlA==
  dependencies:
    "@aws-sdk/property-provider" "^0.1.0-preview.5"
    "@aws-sdk/shared-ini-file-loader" "^0.1.0-preview.3"
    "@aws-sdk/types" "^0.1.0-preview.5"
    tslib "^1.8.0"

"@aws-sdk/response-metadata-extractor@^0.1.0-preview.6":
  version "0.1.0-preview.6"
  resolved "https://registry.yarnpkg.com/@aws-sdk/response-metadata-extractor/-/response-metadata-extractor-0.1.0-preview.6.tgz#7a0ff8ccd679d066032ca1f79e04a2ea11f7f62d"
  integrity sha512-p4d9jf7Oe6UwbJcwDw2Z0N3ZDCkWsoAnET+qwEcymeHBlx5nj0AM+Kc0hXKnWUiDsmftQKfJCwQ53WLb2fTo+Q==
  dependencies:
    "@aws-sdk/types" "^0.1.0-preview.5"
    tslib "^1.8.0"

"@aws-sdk/retry-middleware@^0.1.0-preview.5":
  version "0.1.0-preview.5"
  resolved "https://registry.yarnpkg.com/@aws-sdk/retry-middleware/-/retry-middleware-0.1.0-preview.5.tgz#f8d1466294ee18ceaa60e19a66e271af706288db"
  integrity sha512-bxsY5LlUqrzqrGIJBDLjasiBzBzib+1fSLg6MR4DrYd9WmilnNKR+lmf592+enaR2K1DNdvmkfJz3CKl9HMZIg==
  dependencies:
    "@aws-sdk/service-error-classification" "^0.1.0-preview.3"
    "@aws-sdk/types" "^0.1.0-preview.5"
    tslib "^1.8.0"

"@aws-sdk/service-error-classification@^0.1.0-preview.3":
  version "0.1.0-preview.3"
  resolved "https://registry.yarnpkg.com/@aws-sdk/service-error-classification/-/service-error-classification-0.1.0-preview.3.tgz#6e3720f361f637d0dbcff09f487997fa2ce3018d"
  integrity sha512-3TXwADJL+HGOWyqdwx+pOdwr8L8LGbdxwHR0D05PP3skY+TP34F3ye2DJlyCll4S9vYzf9GlSbwJWviN9Sujrw==

"@aws-sdk/shared-ini-file-loader@^0.1.0-preview.3":
  version "0.1.0-preview.3"
  resolved "https://registry.yarnpkg.com/@aws-sdk/shared-ini-file-loader/-/shared-ini-file-loader-0.1.0-preview.3.tgz#215c5ed06564eb5ba96fa615f1ccb66667725147"
  integrity sha512-1wuV2YpZm+sW4AZa7CBD3A3b7+vSHX0DWBgGaENYdqC+MUEl6lD57ZOUGLryPq5xv/tQfy8BC7QT+qDNHElcuw==
  dependencies:
    tslib "^1.8.0"

"@aws-sdk/signature-v4@^0.1.0-preview.6", "@aws-sdk/signature-v4@^0.1.0-preview.7":
  version "0.1.0-preview.7"
  resolved "https://registry.yarnpkg.com/@aws-sdk/signature-v4/-/signature-v4-0.1.0-preview.7.tgz#0c7c77e83b3178125742c53416f69ff86ab0855c"
  integrity sha512-lVi1dJKEjKhNv88Ouo3UaZIintSHcaWGozI4JDwjGjaSsAg1WkkRS72Te6ur1+owJ0oHTcaXwzfQRjgX/qqTjA==
  dependencies:
    "@aws-sdk/is-array-buffer" "^0.1.0-preview.3"
    "@aws-sdk/protocol-timestamp" "^0.1.0-preview.5"
    "@aws-sdk/types" "^0.1.0-preview.5"
    "@aws-sdk/util-hex-encoding" "^0.1.0-preview.3"
    tslib "^1.8.0"

"@aws-sdk/signing-middleware@^0.1.0-preview.6":
  version "0.1.0-preview.7"
  resolved "https://registry.yarnpkg.com/@aws-sdk/signing-middleware/-/signing-middleware-0.1.0-preview.7.tgz#55f3b5c4703fe7cd5999adbbd6629497588225fb"
  integrity sha512-tmQcI3tdVMdxdOR8o17fHEyMRGepe8tEL+TPnvnD7TX0c8tkxZ+bHxRV9KU+s0DW+b2rWe7l+E1ytgS1tY04UA==
  dependencies:
    "@aws-sdk/signature-v4" "^0.1.0-preview.7"
    "@aws-sdk/types" "^0.1.0-preview.5"
    tslib "^1.8.0"

"@aws-sdk/stream-collector-node@^0.1.0-preview.5":
  version "0.1.0-preview.6"
  resolved "https://registry.yarnpkg.com/@aws-sdk/stream-collector-node/-/stream-collector-node-0.1.0-preview.6.tgz#c3e3a14e3d622ae6133670cdb85ab122843c38ad"
  integrity sha512-cmQfUMrBlm/vPXc9FpDyvI2n9MRgendGlQj9iSyR/DxmcNrf/yJoedSbfj7KzyfwFXmD2RB43rTgMoeXkYzpVQ==
  dependencies:
    "@aws-sdk/types" "^0.1.0-preview.5"
    tslib "^1.8.0"

"@aws-sdk/types@^0.1.0-preview.5":
  version "0.1.0-preview.5"
  resolved "https://registry.yarnpkg.com/@aws-sdk/types/-/types-0.1.0-preview.5.tgz#d55946b363a107a3c72063df37ecc8b208de30a6"
  integrity sha512-U5YNVOtAOsilZrszHWr+fdAwXgOccbVbnXG9gq1nIOOVv89zn3SAj7x/E5QrbcAhKPtJedXvk17i6DCcJlPxhg==

"@aws-sdk/url-parser-node@^0.1.0-preview.5":
  version "0.1.0-preview.6"
  resolved "https://registry.yarnpkg.com/@aws-sdk/url-parser-node/-/url-parser-node-0.1.0-preview.6.tgz#d91fd6207841d713d85ed2bc519b6bce764c3bed"
  integrity sha512-82d4bNcOUbHkrjX+dRvWnAsxoU5Ff+rstZHY2JWz2AgLXz+dlvurvmTewoPEb6ANmq3zQSqmHHXGzPFbjFt9SQ==
  dependencies:
    "@aws-sdk/querystring-parser" "^0.1.0-preview.5"
    "@aws-sdk/types" "^0.1.0-preview.5"
    tslib "^1.8.0"

"@aws-sdk/util-base64-node@^0.1.0-preview.3":
  version "0.1.0-preview.4"
  resolved "https://registry.yarnpkg.com/@aws-sdk/util-base64-node/-/util-base64-node-0.1.0-preview.4.tgz#17271a49874b96e1e7b842cb0c564a3a7260137f"
  integrity sha512-L9O3lMWB7y2xVIgg/nSJ7xZLVFmxMCk1maaup3CoL5USLqB7n7ngpf/WAH2LyhaGo8Og8TrAKt4BizpxbZU7wg==
  dependencies:
    "@aws-sdk/util-buffer-from" "^0.1.0-preview.3"
    tslib "^1.8.0"

"@aws-sdk/util-body-length-node@^0.1.0-preview.4":
  version "0.1.0-preview.5"
  resolved "https://registry.yarnpkg.com/@aws-sdk/util-body-length-node/-/util-body-length-node-0.1.0-preview.5.tgz#330628a9b6e56a7766f00c7ae5074e5090efdec5"
  integrity sha512-ZmqB7E/RizTe8ajxLyXdshoyzQg47CAkbnCK7yRE4A9N7XMEUgzyFVXuKT08DmbAwYSYWI5jaUwm3jpMKqG+bw==
  dependencies:
    tslib "^1.8.0"

"@aws-sdk/util-buffer-from@^0.1.0-preview.3":
  version "0.1.0-preview.3"
  resolved "https://registry.yarnpkg.com/@aws-sdk/util-buffer-from/-/util-buffer-from-0.1.0-preview.3.tgz#a95aa03f6d82dccd853b110f15c5479c83204c58"
  integrity sha512-n78cUmI1SbluJgTgyqp24GgNQ3A5NUGB4rwRAoID7k7JpsiNJUWTXkijl3hxfNov2sEjMWvdQIGvAF6F/Q2mfw==
  dependencies:
    "@aws-sdk/is-array-buffer" "^0.1.0-preview.3"
    tslib "^1.8.0"

"@aws-sdk/util-error-constructor@^0.1.0-preview.5":
  version "0.1.0-preview.5"
  resolved "https://registry.yarnpkg.com/@aws-sdk/util-error-constructor/-/util-error-constructor-0.1.0-preview.5.tgz#d71ebd73cfec7e9160a8d701a488ceee6ca8c0ae"
  integrity sha512-VT3DatjCLv5fkm8Q7Xslt50mN5ksWUminWzBv3bte2RWIG+zM8JfuO1UeswAjARe4b6N+UgpOVEjLLfE4MMbmQ==
  dependencies:
    "@aws-sdk/types" "^0.1.0-preview.5"
    tslib "^1.8.0"

"@aws-sdk/util-hex-encoding@^0.1.0-preview.3":
  version "0.1.0-preview.3"
  resolved "https://registry.yarnpkg.com/@aws-sdk/util-hex-encoding/-/util-hex-encoding-0.1.0-preview.3.tgz#4847f0733dfe2e35aefde8423fefefad4073d355"
  integrity sha512-X/Qq5e2H4/EQ0WEwWUiSxGbFARk7IKZpa+E4pzQm49sxS2omVsvuphcr4yYJq4SZKEtuB2w2nHMr7NmGlWt4Xg==
  dependencies:
    tslib "^1.8.0"

"@aws-sdk/util-uri-escape@^0.1.0-preview.3":
  version "0.1.0-preview.3"
  resolved "https://registry.yarnpkg.com/@aws-sdk/util-uri-escape/-/util-uri-escape-0.1.0-preview.3.tgz#bede79215aa2a78554b4223f43f7820535236583"
  integrity sha512-axArIOq8+2PKjY9Fz+LKfCY127rjWQD50F1DAhCC0BV3mrG0OlhcQ8uKaNfMXVrveTqT+QYvrpTsrziHYjjTQw==
  dependencies:
    tslib "^1.8.0"

"@aws-sdk/util-user-agent-node@^0.1.0-preview.6":
  version "0.1.0-preview.7"
  resolved "https://registry.yarnpkg.com/@aws-sdk/util-user-agent-node/-/util-user-agent-node-0.1.0-preview.7.tgz#8818fe70b4e5d27907c258fbd5d75af081998274"
  integrity sha512-28mZIA6BFB3vSmmbsfarTzixFBebthOQMcfUp7jfDVOgSCyhrB7JgYkKc6u/pupVM+ppvOaZxcSs5cDsqI5KwQ==
  dependencies:
    "@aws-sdk/types" "^0.1.0-preview.5"
    tslib "^1.8.0"

"@aws-sdk/util-utf8-node@^0.1.0-preview.3":
  version "0.1.0-preview.4"
  resolved "https://registry.yarnpkg.com/@aws-sdk/util-utf8-node/-/util-utf8-node-0.1.0-preview.4.tgz#8dc8e0ce43f6dc04bbcab00c87f29f9f89ebb7ad"
  integrity sha512-FxIWpC4LdKiJgJgiaLWMdZY/DbreSIRgVGO9cOlV5fI59KdN+2Aqb6sLnlp7yVbo2hiL0Hlcv7fcf4MEtELn0g==
  dependencies:
    "@aws-sdk/util-buffer-from" "^0.1.0-preview.3"
    tslib "^1.8.0"

balanced-match@^1.0.0:
  version "1.0.0"
  resolved "https://registry.yarnpkg.com/balanced-match/-/balanced-match-1.0.0.tgz#89b4d199ab2bee49de164ea02b89ce462d71b767"
  integrity sha1-ibTRmasr7kneFk6gK4nORi1xt2c=

brace-expansion@^1.1.7:
  version "1.1.11"
  resolved "https://registry.yarnpkg.com/brace-expansion/-/brace-expansion-1.1.11.tgz#3c7fcbf529d87226f3d2f52b966ff5271eb441dd"
  integrity sha512-iCuPHDFgrHX7H2vEI/5xpz07zSHB00TpugqhmYtVmMO6518mCuRMoOYFldEBl0g187ufozdaHgWKcYFb61qGiA==
  dependencies:
    balanced-match "^1.0.0"
    concat-map "0.0.1"

concat-map@0.0.1:
  version "0.0.1"
  resolved "https://registry.yarnpkg.com/concat-map/-/concat-map-0.0.1.tgz#d8a96bd77fd68df7793a73036a3ba0d5405d477b"
  integrity sha1-2Klr13/Wjfd5OnMDajug1UBdR3s=

fs.realpath@^1.0.0:
  version "1.0.0"
  resolved "https://registry.yarnpkg.com/fs.realpath/-/fs.realpath-1.0.0.tgz#1504ad2523158caa40db4a2787cb01411994ea4f"
  integrity sha1-FQStJSMVjKpA20onh8sBQRmU6k8=

glob@^7.1.3:
  version "7.1.4"
  resolved "https://registry.yarnpkg.com/glob/-/glob-7.1.4.tgz#aa608a2f6c577ad357e1ae5a5c26d9a8d1969255"
  integrity sha512-hkLPepehmnKk41pUGm3sYxoFs/umurYfYJCerbXEyFIWcAzvpipAgVkBqqT9RBKMGjnq6kMuyYwha6csxbiM1A==
  dependencies:
    fs.realpath "^1.0.0"
    inflight "^1.0.4"
    inherits "2"
    minimatch "^3.0.4"
    once "^1.3.0"
    path-is-absolute "^1.0.0"

inflight@^1.0.4:
  version "1.0.6"
  resolved "https://registry.yarnpkg.com/inflight/-/inflight-1.0.6.tgz#49bd6331d7d02d0c09bc910a1075ba8165b56df9"
  integrity sha1-Sb1jMdfQLQwJvJEKEHW6gWW1bfk=
  dependencies:
    once "^1.3.0"
    wrappy "1"

inherits@2:
  version "2.0.4"
  resolved "https://registry.yarnpkg.com/inherits/-/inherits-2.0.4.tgz#0fa2c64f932917c3433a0ded55363aae37416b7c"
  integrity sha512-k/vGaX4/Yla3WzyMCvTQOXYeIHvqOKtnqBduzTHpzpQZzAskKMhZ2K+EnBiSM9zGSoIFeMpXKxa4dYeZIQqewQ==

minimatch@^3.0.4:
  version "3.0.4"
  resolved "https://registry.yarnpkg.com/minimatch/-/minimatch-3.0.4.tgz#5166e286457f03306064be5497e8dbb0c3d32083"
  integrity sha512-yJHVQEhyqPLUTgt9B83PXu6W3rx4MvvHvSUvToogpwoGDOUQ+yDrR0HRot+yOCdCO7u4hX3pWft6kWBBcqh0UA==
  dependencies:
    brace-expansion "^1.1.7"

once@^1.3.0:
  version "1.4.0"
  resolved "https://registry.yarnpkg.com/once/-/once-1.4.0.tgz#583b1aa775961d4b113ac17d9c50baef9dd76bd1"
  integrity sha1-WDsap3WWHUsROsF9nFC6753Xa9E=
  dependencies:
    wrappy "1"

path-is-absolute@^1.0.0:
  version "1.0.1"
  resolved "https://registry.yarnpkg.com/path-is-absolute/-/path-is-absolute-1.0.1.tgz#174b9268735534ffbc7ace6bf53a5a9e1b5c5f5f"
  integrity sha1-F0uSaHNVNP+8es5r9TpanhtcX18=

rimraf@^3.0.0:
  version "3.0.0"
  resolved "https://registry.yarnpkg.com/rimraf/-/rimraf-3.0.0.tgz#614176d4b3010b75e5c390eb0ee96f6dc0cebb9b"
  integrity sha512-NDGVxTsjqfunkds7CqsOiEnxln4Bo7Nddl3XhS4pXg5OzwkLqJ971ZVAAnB+DDLnF76N+VnDEiBHaVV8I06SUg==
  dependencies:
    glob "^7.1.3"

tslib@^1.8.0:
  version "1.10.0"
  resolved "https://registry.yarnpkg.com/tslib/-/tslib-1.10.0.tgz#c3c19f95973fb0a62973fb09d90d961ee43e5c8a"
  integrity sha512-qOebF53frne81cf0S9B41ByenJ3/IuH8yJKngAX35CmiZySA0khhkovshKK+jGCaMnVomla7gVlIcc3EvKPbTQ==

typescript@^3.6.4:
  version "3.6.4"
  resolved "https://registry.yarnpkg.com/typescript/-/typescript-3.6.4.tgz#b18752bb3792bc1a0281335f7f6ebf1bbfc5b91d"
  integrity sha512-unoCll1+l+YK4i4F8f22TaNVPRHcD9PA3yCuZ8g5e0qGqlVlJ/8FSateOLLSagn+Yg5+ZwuPkL8LFUc0Jcvksg==

wrappy@1:
  version "1.0.2"
  resolved "https://registry.yarnpkg.com/wrappy/-/wrappy-1.0.2.tgz#b5243d8f3ec1aa35f1364605bc0d1036e30ab69f"
  integrity sha1-tSQ9jz7BqjXxNkYFvA0QNuMKtp8=
